// !$*UTF8*$!
{
	archiveVersion = 1;
	classes = {
	};
	objectVersion = 50;
	objects = {

/* Begin PBXBuildFile section */
		0A35F48DDF68C4A9609668E3 /* UIColor+Extension.swift in Sources */ = {isa = PBXBuildFile; fileRef = 37ACDA536458D08532ED4A47 /* UIColor+Extension.swift */; };
		10732C3EBEC37FB7C05AE860 /* AdListViewLayout.swift in Sources */ = {isa = PBXBuildFile; fileRef = 9DDF0F023BED742CDF763F98 /* AdListViewLayout.swift */; };
		163B1EE41D052EC42F14CA92 /* AdsListViewController.swift in Sources */ = {isa = PBXBuildFile; fileRef = 7D7DAC3D5898C029597F21CE /* AdsListViewController.swift */; };
		206A9D4C32CAAE2EF267ECD6 /* desafioUITests.swift in Sources */ = {isa = PBXBuildFile; fileRef = AC10FB2D175E40711F3CB644 /* desafioUITests.swift */; };
		3311D6C309C176908A42D096 /* AppDelegate.swift in Sources */ = {isa = PBXBuildFile; fileRef = A6EF80F7EAA1FEABDBBD5D5E /* AppDelegate.swift */; };
		4049EF14876A8264BD420CE9 /* LaunchScreen.storyboard in Resources */ = {isa = PBXBuildFile; fileRef = B5868F6D0AD63B6C9BEBE5AB /* LaunchScreen.storyboard */; };
		4F65DF8C1B9D4CFBE05B105A /* Pods_desafio_desafioUITests.framework in Frameworks */ = {isa = PBXBuildFile; fileRef = C3DB8489A952C77AE594A4D0 /* Pods_desafio_desafioUITests.framework */; };
		536C3FA28322D8BF549EE269 /* UIView+Extension.swift in Sources */ = {isa = PBXBuildFile; fileRef = 1ACDB0B655BD75EA9717AA18 /* UIView+Extension.swift */; };
		5B2D198C5E4F414E86DB0470 /* Main.storyboard in Resources */ = {isa = PBXBuildFile; fileRef = ED4CE5D5846459BB53A42140 /* Main.storyboard */; };
		67A235750EA9A868071A2C91 /* desafioTests.swift in Sources */ = {isa = PBXBuildFile; fileRef = 2E02D1D19AA7786C6788A343 /* desafioTests.swift */; };
		9549F8FD23D8FC8C01172CEB /* AdListCardViewCell.xib in Resources */ = {isa = PBXBuildFile; fileRef = A59DD647FDB0C4572793103D /* AdListCardViewCell.xib */; };
		AB1FDA53EBBDEED8BFC28DB5 /* Ad.swift in Sources */ = {isa = PBXBuildFile; fileRef = E531855D6CAB2690B514D9E2 /* Ad.swift */; };
		AF88D0A0C97680C1A66AE41B /* Pods_desafio.framework in Frameworks */ = {isa = PBXBuildFile; fileRef = F7C5741D1F2FEDBF73BD7CA1 /* Pods_desafio.framework */; };
		C00F1AB1556F283493AEF3B7 /* AdListCardViewCell.swift in Sources */ = {isa = PBXBuildFile; fileRef = B2AEB0CF1BA362396917EB75 /* AdListCardViewCell.swift */; };
		C5BBD8597776B1537F0DA1DE /* Pods_desafioTests.framework in Frameworks */ = {isa = PBXBuildFile; fileRef = 2E084890BF5BDA5784BB5B29 /* Pods_desafioTests.framework */; };
		D9397913F435E9234D6AB40B /* InsetLabel.swift in Sources */ = {isa = PBXBuildFile; fileRef = 17E5F60F0839AC9E519BF94D /* InsetLabel.swift */; };
		E480D15BD39C03F924969C30 /* UIImageView+Extension.swift in Sources */ = {isa = PBXBuildFile; fileRef = 6CF0F2ADD9B38278349F7051 /* UIImageView+Extension.swift */; };
		EC1A10B4608F224508A253D6 /* SceneDelegate.swift in Sources */ = {isa = PBXBuildFile; fileRef = 0A4C290D6CF31E45AF17A4B3 /* SceneDelegate.swift */; };
		F4E4691C9FE28823792C67D5 /* Bundle+desafio.swift in Sources */ = {isa = PBXBuildFile; fileRef = C6DA1E7D72C5A8F3561CE755 /* Bundle+desafio.swift */; };
/* End PBXBuildFile section */

/* Begin PBXContainerItemProxy section */
		307D91AB83206181483BA07C /* PBXContainerItemProxy */ = {
			isa = PBXContainerItemProxy;
			containerPortal = 27ED351D8540400ED89B591E /* Project object */;
			proxyType = 1;
			remoteGlobalIDString = 5B5597C91DEB1A85BCF899C8;
			remoteInfo = desafio;
		};
		96EBFE5ACD0C8BCEF88F08E6 /* PBXContainerItemProxy */ = {
			isa = PBXContainerItemProxy;
			containerPortal = 27ED351D8540400ED89B591E /* Project object */;
			proxyType = 1;
			remoteGlobalIDString = 5B5597C91DEB1A85BCF899C8;
			remoteInfo = desafio;
		};
/* End PBXContainerItemProxy section */

/* Begin PBXCopyFilesBuildPhase section */
		43EF6C712D5DAA80BAF442B4 /* Embed Frameworks */ = {
			isa = PBXCopyFilesBuildPhase;
			buildActionMask = 2147483647;
			dstSubfolderSpec = 10;
			files = (
			);
			name = "Embed Frameworks";
			runOnlyForDeploymentPostprocessing = 0;
		};
		6C3D6E4AF9075795C060B0CA /* Embed Frameworks */ = {
			isa = PBXCopyFilesBuildPhase;
			buildActionMask = 2147483647;
			dstSubfolderSpec = 10;
			files = (
			);
			name = "Embed Frameworks";
			runOnlyForDeploymentPostprocessing = 0;
		};
		97152414F23550ACD6B0452B /* Embed Frameworks */ = {
			isa = PBXCopyFilesBuildPhase;
			buildActionMask = 2147483647;
			dstSubfolderSpec = 10;
			files = (
			);
			name = "Embed Frameworks";
			runOnlyForDeploymentPostprocessing = 0;
		};
/* End PBXCopyFilesBuildPhase section */

/* Begin PBXFileReference section */
		0A4C290D6CF31E45AF17A4B3 /* SceneDelegate.swift */ = {isa = PBXFileReference; lastKnownFileType = sourcecode.swift; path = SceneDelegate.swift; sourceTree = "<group>"; };
		17E5F60F0839AC9E519BF94D /* InsetLabel.swift */ = {isa = PBXFileReference; lastKnownFileType = sourcecode.swift; path = InsetLabel.swift; sourceTree = "<group>"; };
		1ACDB0B655BD75EA9717AA18 /* UIView+Extension.swift */ = {isa = PBXFileReference; lastKnownFileType = sourcecode.swift; path = "UIView+Extension.swift"; sourceTree = "<group>"; };
		2E02D1D19AA7786C6788A343 /* desafioTests.swift */ = {isa = PBXFileReference; lastKnownFileType = sourcecode.swift; path = desafioTests.swift; sourceTree = "<group>"; };
		2E084890BF5BDA5784BB5B29 /* Pods_desafioTests.framework */ = {isa = PBXFileReference; explicitFileType = wrapper.framework; includeInIndex = 0; path = Pods_desafioTests.framework; sourceTree = BUILT_PRODUCTS_DIR; };
		37ACDA536458D08532ED4A47 /* UIColor+Extension.swift */ = {isa = PBXFileReference; lastKnownFileType = sourcecode.swift; path = "UIColor+Extension.swift"; sourceTree = "<group>"; };
		48EAF74154834CF83439F901 /* Pods-desafio-desafioUITests.debug.xcconfig */ = {isa = PBXFileReference; includeInIndex = 1; lastKnownFileType = text.xcconfig; name = "Pods-desafio-desafioUITests.debug.xcconfig"; path = "Target Support Files/Pods-desafio-desafioUITests/Pods-desafio-desafioUITests.debug.xcconfig"; sourceTree = "<group>"; };
		4C1117F6FC19A8A8060814C0 /* Base */ = {isa = PBXFileReference; lastKnownFileType = file.storyboard; name = Base; path = Base.lproj/Main.storyboard; sourceTree = "<group>"; };
		4ECE07BC4BC9C5811CA2DFE6 /* Base */ = {isa = PBXFileReference; lastKnownFileType = file.storyboard; name = Base; path = Base.lproj/LaunchScreen.storyboard; sourceTree = "<group>"; };
		6CF0F2ADD9B38278349F7051 /* UIImageView+Extension.swift */ = {isa = PBXFileReference; lastKnownFileType = sourcecode.swift; path = "UIImageView+Extension.swift"; sourceTree = "<group>"; };
		7A07C7F85852B90253F3D3CB /* Info.plist */ = {isa = PBXFileReference; lastKnownFileType = text.plist; path = Info.plist; sourceTree = "<group>"; };
		7C6A1E36FBE1EF8CB0C5F36D /* desafioUITests.xctest */ = {isa = PBXFileReference; explicitFileType = wrapper.cfbundle; includeInIndex = 0; path = desafioUITests.xctest; sourceTree = BUILT_PRODUCTS_DIR; };
		7D7DAC3D5898C029597F21CE /* AdsListViewController.swift */ = {isa = PBXFileReference; lastKnownFileType = sourcecode.swift; path = AdsListViewController.swift; sourceTree = "<group>"; };
		9DDF0F023BED742CDF763F98 /* AdListViewLayout.swift */ = {isa = PBXFileReference; lastKnownFileType = sourcecode.swift; path = AdListViewLayout.swift; sourceTree = "<group>"; };
		A111F5DEADF8EEF703947C0C /* Pods-desafioTests.release.xcconfig */ = {isa = PBXFileReference; includeInIndex = 1; lastKnownFileType = text.xcconfig; name = "Pods-desafioTests.release.xcconfig"; path = "Target Support Files/Pods-desafioTests/Pods-desafioTests.release.xcconfig"; sourceTree = "<group>"; };
		A59DD647FDB0C4572793103D /* AdListCardViewCell.xib */ = {isa = PBXFileReference; lastKnownFileType = file.xib; path = AdListCardViewCell.xib; sourceTree = "<group>"; };
		A6EF80F7EAA1FEABDBBD5D5E /* AppDelegate.swift */ = {isa = PBXFileReference; lastKnownFileType = sourcecode.swift; path = AppDelegate.swift; sourceTree = "<group>"; };
		AC10FB2D175E40711F3CB644 /* desafioUITests.swift */ = {isa = PBXFileReference; lastKnownFileType = sourcecode.swift; path = desafioUITests.swift; sourceTree = "<group>"; };
		B2AEB0CF1BA362396917EB75 /* AdListCardViewCell.swift */ = {isa = PBXFileReference; lastKnownFileType = sourcecode.swift; path = AdListCardViewCell.swift; sourceTree = "<group>"; };
		C3DB8489A952C77AE594A4D0 /* Pods_desafio_desafioUITests.framework */ = {isa = PBXFileReference; explicitFileType = wrapper.framework; includeInIndex = 0; path = Pods_desafio_desafioUITests.framework; sourceTree = BUILT_PRODUCTS_DIR; };
		C6C76B3D8D8C3A6ECED11035 /* desafio.app */ = {isa = PBXFileReference; explicitFileType = wrapper.application; includeInIndex = 0; path = desafio.app; sourceTree = BUILT_PRODUCTS_DIR; };
		C6DA1E7D72C5A8F3561CE755 /* Bundle+desafio.swift */ = {isa = PBXFileReference; lastKnownFileType = sourcecode.swift; path = "Bundle+desafio.swift"; sourceTree = "<group>"; };
		D5112C454DF69BF67D6EF7D0 /* Info.plist */ = {isa = PBXFileReference; lastKnownFileType = text.plist; path = Info.plist; sourceTree = "<group>"; };
		D70521D63094B9735A170401 /* Pods-desafio.debug.xcconfig */ = {isa = PBXFileReference; includeInIndex = 1; lastKnownFileType = text.xcconfig; name = "Pods-desafio.debug.xcconfig"; path = "Target Support Files/Pods-desafio/Pods-desafio.debug.xcconfig"; sourceTree = "<group>"; };
		DB218A129F3323BF87BD5054 /* Info.plist */ = {isa = PBXFileReference; lastKnownFileType = text.plist; path = Info.plist; sourceTree = "<group>"; };
		DDD41AECEB1A2244D7F046FA /* Pods-desafioTests.debug.xcconfig */ = {isa = PBXFileReference; includeInIndex = 1; lastKnownFileType = text.xcconfig; name = "Pods-desafioTests.debug.xcconfig"; path = "Target Support Files/Pods-desafioTests/Pods-desafioTests.debug.xcconfig"; sourceTree = "<group>"; };
		E531855D6CAB2690B514D9E2 /* Ad.swift */ = {isa = PBXFileReference; lastKnownFileType = sourcecode.swift; path = Ad.swift; sourceTree = "<group>"; };
		EE55F2A79CE1A8D8FCFD1E5F /* Pods-desafio.release.xcconfig */ = {isa = PBXFileReference; includeInIndex = 1; lastKnownFileType = text.xcconfig; name = "Pods-desafio.release.xcconfig"; path = "Target Support Files/Pods-desafio/Pods-desafio.release.xcconfig"; sourceTree = "<group>"; };
		EEDEE582E6825659E3046EC2 /* desafioTests.xctest */ = {isa = PBXFileReference; explicitFileType = wrapper.cfbundle; includeInIndex = 0; path = desafioTests.xctest; sourceTree = BUILT_PRODUCTS_DIR; };
		F49D4FCD29F1CD9E76228AAC /* Pods-desafio-desafioUITests.release.xcconfig */ = {isa = PBXFileReference; includeInIndex = 1; lastKnownFileType = text.xcconfig; name = "Pods-desafio-desafioUITests.release.xcconfig"; path = "Target Support Files/Pods-desafio-desafioUITests/Pods-desafio-desafioUITests.release.xcconfig"; sourceTree = "<group>"; };
		F7C5741D1F2FEDBF73BD7CA1 /* Pods_desafio.framework */ = {isa = PBXFileReference; explicitFileType = wrapper.framework; includeInIndex = 0; path = Pods_desafio.framework; sourceTree = BUILT_PRODUCTS_DIR; };
/* End PBXFileReference section */

/* Begin PBXFrameworksBuildPhase section */
		0FAB850C4209DD7B1467789F /* Frameworks */ = {
			isa = PBXFrameworksBuildPhase;
			buildActionMask = 2147483647;
			files = (
				C5BBD8597776B1537F0DA1DE /* Pods_desafioTests.framework in Frameworks */,
			);
			runOnlyForDeploymentPostprocessing = 0;
		};
		123002096B1F1EA8657CD9A2 /* Frameworks */ = {
			isa = PBXFrameworksBuildPhase;
			buildActionMask = 2147483647;
			files = (
				AF88D0A0C97680C1A66AE41B /* Pods_desafio.framework in Frameworks */,
			);
			runOnlyForDeploymentPostprocessing = 0;
		};
		BA593D3033D239A0556D32A0 /* Frameworks */ = {
			isa = PBXFrameworksBuildPhase;
			buildActionMask = 2147483647;
			files = (
				4F65DF8C1B9D4CFBE05B105A /* Pods_desafio_desafioUITests.framework in Frameworks */,
			);
			runOnlyForDeploymentPostprocessing = 0;
		};
/* End PBXFrameworksBuildPhase section */

/* Begin PBXGroup section */
		00F9F8B14600E0C9359C10A3 /* desafioTests */ = {
			isa = PBXGroup;
			children = (
				2E02D1D19AA7786C6788A343 /* desafioTests.swift */,
				DB218A129F3323BF87BD5054 /* Info.plist */,
			);
			path = desafioTests;
			sourceTree = "<group>";
		};
		21D02AAF6C715771CE880BE9 /* Derived */ = {
			isa = PBXGroup;
			children = (
				819DAC8664B6EBBCB0B02210 /* Sources */,
			);
			path = Derived;
			sourceTree = "<group>";
		};
		22C6924315DF768134F2F412 /* Project */ = {
			isa = PBXGroup;
			children = (
				21D02AAF6C715771CE880BE9 /* Derived */,
				BF2954B509CB19C1B88D6BDF /* Sources */,
			);
			name = Project;
			sourceTree = "<group>";
		};
		3413212FC707B0D5CFBCD6D3 /* EntryPoints */ = {
			isa = PBXGroup;
			children = (
				A6EF80F7EAA1FEABDBBD5D5E /* AppDelegate.swift */,
				0A4C290D6CF31E45AF17A4B3 /* SceneDelegate.swift */,
			);
			path = EntryPoints;
			sourceTree = "<group>";
		};
		39318C229158F8442186CDEB /* Products */ = {
			isa = PBXGroup;
			children = (
				C6C76B3D8D8C3A6ECED11035 /* desafio.app */,
				EEDEE582E6825659E3046EC2 /* desafioTests.xctest */,
				7C6A1E36FBE1EF8CB0C5F36D /* desafioUITests.xctest */,
			);
			name = Products;
			sourceTree = "<group>";
		};
		692159C9CBD2932911D449B4 /* Properties */ = {
			isa = PBXGroup;
			children = (
				7A07C7F85852B90253F3D3CB /* Info.plist */,
			);
			path = Properties;
			sourceTree = "<group>";
		};
		819DAC8664B6EBBCB0B02210 /* Sources */ = {
			isa = PBXGroup;
			children = (
				C6DA1E7D72C5A8F3561CE755 /* Bundle+desafio.swift */,
			);
			path = Sources;
			sourceTree = "<group>";
		};
		878FD5C868A1FC8F91649926 /* Pods */ = {
			isa = PBXGroup;
			children = (
				D70521D63094B9735A170401 /* Pods-desafio.debug.xcconfig */,
				EE55F2A79CE1A8D8FCFD1E5F /* Pods-desafio.release.xcconfig */,
				48EAF74154834CF83439F901 /* Pods-desafio-desafioUITests.debug.xcconfig */,
				F49D4FCD29F1CD9E76228AAC /* Pods-desafio-desafioUITests.release.xcconfig */,
				DDD41AECEB1A2244D7F046FA /* Pods-desafioTests.debug.xcconfig */,
				A111F5DEADF8EEF703947C0C /* Pods-desafioTests.release.xcconfig */,
			);
			name = Pods;
			path = Pods;
			sourceTree = "<group>";
		};
		91B1BE31EE1B35EC8B41BC49 /* Frameworks */ = {
			isa = PBXGroup;
			children = (
				F7C5741D1F2FEDBF73BD7CA1 /* Pods_desafio.framework */,
				C3DB8489A952C77AE594A4D0 /* Pods_desafio_desafioUITests.framework */,
				2E084890BF5BDA5784BB5B29 /* Pods_desafioTests.framework */,
			);
			name = Frameworks;
			sourceTree = "<group>";
		};
		A8D201F73EA1FF94F8119CA4 = {
			isa = PBXGroup;
			children = (
				22C6924315DF768134F2F412 /* Project */,
				91B1BE31EE1B35EC8B41BC49 /* Frameworks */,
				39318C229158F8442186CDEB /* Products */,
				878FD5C868A1FC8F91649926 /* Pods */,
			);
			sourceTree = "<group>";
		};
		B18AFCFB644734F14B9672F7 /* desafio */ = {
			isa = PBXGroup;
			children = (
				3413212FC707B0D5CFBCD6D3 /* EntryPoints */,
				F57E8E880DB31F1D0CB1D669 /* Resources */,
				E686764D1E0B81A1DE571C79 /* UI */,
				E531855D6CAB2690B514D9E2 /* Ad.swift */,
				7D7DAC3D5898C029597F21CE /* AdsListViewController.swift */,
			);
			path = desafio;
			sourceTree = "<group>";
		};
		BF2954B509CB19C1B88D6BDF /* Sources */ = {
			isa = PBXGroup;
			children = (
				B18AFCFB644734F14B9672F7 /* desafio */,
				00F9F8B14600E0C9359C10A3 /* desafioTests */,
				F55319720A40834A78A402FD /* desafioUITests */,
			);
			path = Sources;
			sourceTree = "<group>";
		};
		C46396296E79EBD63D8C39F4 /* Screens */ = {
			isa = PBXGroup;
			children = (
				B5868F6D0AD63B6C9BEBE5AB /* LaunchScreen.storyboard */,
				ED4CE5D5846459BB53A42140 /* Main.storyboard */,
			);
			path = Screens;
			sourceTree = "<group>";
		};
		E686764D1E0B81A1DE571C79 /* UI */ = {
			isa = PBXGroup;
			children = (
				B2AEB0CF1BA362396917EB75 /* AdListCardViewCell.swift */,
				A59DD647FDB0C4572793103D /* AdListCardViewCell.xib */,
				9DDF0F023BED742CDF763F98 /* AdListViewLayout.swift */,
				17E5F60F0839AC9E519BF94D /* InsetLabel.swift */,
				37ACDA536458D08532ED4A47 /* UIColor+Extension.swift */,
				6CF0F2ADD9B38278349F7051 /* UIImageView+Extension.swift */,
				1ACDB0B655BD75EA9717AA18 /* UIView+Extension.swift */,
			);
			path = UI;
			sourceTree = "<group>";
		};
		F55319720A40834A78A402FD /* desafioUITests */ = {
			isa = PBXGroup;
			children = (
				AC10FB2D175E40711F3CB644 /* desafioUITests.swift */,
				D5112C454DF69BF67D6EF7D0 /* Info.plist */,
			);
			path = desafioUITests;
			sourceTree = "<group>";
		};
		F57E8E880DB31F1D0CB1D669 /* Resources */ = {
			isa = PBXGroup;
			children = (
				692159C9CBD2932911D449B4 /* Properties */,
				C46396296E79EBD63D8C39F4 /* Screens */,
			);
			path = Resources;
			sourceTree = "<group>";
		};
/* End PBXGroup section */

/* Begin PBXNativeTarget section */
		5B5597C91DEB1A85BCF899C8 /* desafio */ = {
			isa = PBXNativeTarget;
			buildConfigurationList = C1EAA529AF06E503CD83BB47 /* Build configuration list for PBXNativeTarget "desafio" */;
			buildPhases = (
				23AFD5AB2BEA8C312309115E /* [CP] Check Pods Manifest.lock */,
				3F681B4CB6F6105D9FACDB9B /* Sources */,
				6A71A6AAF5E9B6C6E0A88956 /* Resources */,
				435F4660D51A9177ED1A3BF8 /* Embed Precompiled Frameworks */,
				97152414F23550ACD6B0452B /* Embed Frameworks */,
				123002096B1F1EA8657CD9A2 /* Frameworks */,
			);
			buildRules = (
			);
			dependencies = (
			);
			name = desafio;
			productName = desafio;
			productReference = C6C76B3D8D8C3A6ECED11035 /* desafio.app */;
			productType = "com.apple.product-type.application";
		};
		8965B34F40B9CCD479B22A24 /* desafioUITests */ = {
			isa = PBXNativeTarget;
			buildConfigurationList = 8D47F8C81B1C903A08B1F25C /* Build configuration list for PBXNativeTarget "desafioUITests" */;
			buildPhases = (
				DB211535551C2E1B1BA91010 /* [CP] Check Pods Manifest.lock */,
				6FD5C28427A089612EB5A079 /* Sources */,
				1206BA4CA3E36DF84424EA35 /* Resources */,
				A238F101FCABE16016C0ECB3 /* Embed Precompiled Frameworks */,
				6C3D6E4AF9075795C060B0CA /* Embed Frameworks */,
				BA593D3033D239A0556D32A0 /* Frameworks */,
			);
			buildRules = (
			);
			dependencies = (
				4D1C93A193CA56584C330856 /* PBXTargetDependency */,
			);
			name = desafioUITests;
			productName = desafioUITests;
			productReference = 7C6A1E36FBE1EF8CB0C5F36D /* desafioUITests.xctest */;
			productType = "com.apple.product-type.bundle.ui-testing";
		};
		97636AF8863A7719377A2904 /* desafioTests */ = {
			isa = PBXNativeTarget;
			buildConfigurationList = 3A2C3B5823B997CDAE1F2C17 /* Build configuration list for PBXNativeTarget "desafioTests" */;
			buildPhases = (
				B35DF21C07521FF42EEF0B18 /* [CP] Check Pods Manifest.lock */,
				DA089DF4B35FC2DA2BB56A98 /* Sources */,
				9041832E166771E77F875799 /* Resources */,
				CE478C1750D884C276661262 /* Embed Precompiled Frameworks */,
				43EF6C712D5DAA80BAF442B4 /* Embed Frameworks */,
				0FAB850C4209DD7B1467789F /* Frameworks */,
			);
			buildRules = (
			);
			dependencies = (
				980A750DAF0CE5CB779822DF /* PBXTargetDependency */,
			);
			name = desafioTests;
			productName = desafioTests;
			productReference = EEDEE582E6825659E3046EC2 /* desafioTests.xctest */;
			productType = "com.apple.product-type.bundle.unit-test";
		};
/* End PBXNativeTarget section */

/* Begin PBXProject section */
		27ED351D8540400ED89B591E /* Project object */ = {
			isa = PBXProject;
			attributes = {
				ORGANIZATIONNAME = OLX;
				TargetAttributes = {
					8965B34F40B9CCD479B22A24 = {
						TestTargetID = 5B5597C91DEB1A85BCF899C8;
					};
					97636AF8863A7719377A2904 = {
						TestTargetID = 5B5597C91DEB1A85BCF899C8;
					};
				};
			};
			buildConfigurationList = 8AC57651CB9A95CA90769151 /* Build configuration list for PBXProject "desafio" */;
			compatibilityVersion = "Xcode 9.3";
			developmentRegion = en;
			hasScannedForEncodings = 0;
			knownRegions = (
				Base,
				en,
			);
			mainGroup = A8D201F73EA1FF94F8119CA4;
			productRefGroup = 39318C229158F8442186CDEB /* Products */;
			projectDirPath = "";
			projectRoot = "";
			targets = (
				5B5597C91DEB1A85BCF899C8 /* desafio */,
				97636AF8863A7719377A2904 /* desafioTests */,
				8965B34F40B9CCD479B22A24 /* desafioUITests */,
			);
		};
/* End PBXProject section */

/* Begin PBXResourcesBuildPhase section */
		1206BA4CA3E36DF84424EA35 /* Resources */ = {
			isa = PBXResourcesBuildPhase;
			buildActionMask = 2147483647;
			files = (
			);
			runOnlyForDeploymentPostprocessing = 0;
		};
		6A71A6AAF5E9B6C6E0A88956 /* Resources */ = {
			isa = PBXResourcesBuildPhase;
			buildActionMask = 2147483647;
			files = (
				4049EF14876A8264BD420CE9 /* LaunchScreen.storyboard in Resources */,
				5B2D198C5E4F414E86DB0470 /* Main.storyboard in Resources */,
				9549F8FD23D8FC8C01172CEB /* AdListCardViewCell.xib in Resources */,
			);
			runOnlyForDeploymentPostprocessing = 0;
		};
		9041832E166771E77F875799 /* Resources */ = {
			isa = PBXResourcesBuildPhase;
			buildActionMask = 2147483647;
			files = (
			);
			runOnlyForDeploymentPostprocessing = 0;
		};
/* End PBXResourcesBuildPhase section */

/* Begin PBXShellScriptBuildPhase section */
		23AFD5AB2BEA8C312309115E /* [CP] Check Pods Manifest.lock */ = {
			isa = PBXShellScriptBuildPhase;
			buildActionMask = 2147483647;
			files = (
			);
			inputFileListPaths = (
			);
			inputPaths = (
				"${PODS_PODFILE_DIR_PATH}/Podfile.lock",
				"${PODS_ROOT}/Manifest.lock",
			);
			name = "[CP] Check Pods Manifest.lock";
			outputFileListPaths = (
			);
			outputPaths = (
				"$(DERIVED_FILE_DIR)/Pods-desafio-checkManifestLockResult.txt",
			);
			runOnlyForDeploymentPostprocessing = 0;
			shellPath = /bin/sh;
			shellScript = "diff \"${PODS_PODFILE_DIR_PATH}/Podfile.lock\" \"${PODS_ROOT}/Manifest.lock\" > /dev/null\nif [ $? != 0 ] ; then\n    # print error to STDERR\n    echo \"error: The sandbox is not in sync with the Podfile.lock. Run 'pod install' or update your CocoaPods installation.\" >&2\n    exit 1\nfi\n# This output is used by Xcode 'outputs' to avoid re-running this script phase.\necho \"SUCCESS\" > \"${SCRIPT_OUTPUT_FILE_0}\"\n";
			showEnvVarsInLog = 0;
		};
		435F4660D51A9177ED1A3BF8 /* Embed Precompiled Frameworks */ = {
			isa = PBXShellScriptBuildPhase;
			buildActionMask = 2147483647;
			files = (
			);
			inputPaths = (
			);
			name = "Embed Precompiled Frameworks";
			outputPaths = (
			);
			runOnlyForDeploymentPostprocessing = 0;
			shellPath = /bin/sh;
			shellScript = "echo \"Skipping, nothing to be embedded.\"";
		};
		A238F101FCABE16016C0ECB3 /* Embed Precompiled Frameworks */ = {
			isa = PBXShellScriptBuildPhase;
			buildActionMask = 2147483647;
			files = (
			);
			inputPaths = (
			);
			name = "Embed Precompiled Frameworks";
			outputPaths = (
			);
			runOnlyForDeploymentPostprocessing = 0;
			shellPath = /bin/sh;
			shellScript = "echo \"Skipping, nothing to be embedded.\"";
		};
		B35DF21C07521FF42EEF0B18 /* [CP] Check Pods Manifest.lock */ = {
			isa = PBXShellScriptBuildPhase;
			buildActionMask = 2147483647;
			files = (
			);
			inputFileListPaths = (
			);
			inputPaths = (
				"${PODS_PODFILE_DIR_PATH}/Podfile.lock",
				"${PODS_ROOT}/Manifest.lock",
			);
			name = "[CP] Check Pods Manifest.lock";
			outputFileListPaths = (
			);
			outputPaths = (
				"$(DERIVED_FILE_DIR)/Pods-desafioTests-checkManifestLockResult.txt",
			);
			runOnlyForDeploymentPostprocessing = 0;
			shellPath = /bin/sh;
			shellScript = "diff \"${PODS_PODFILE_DIR_PATH}/Podfile.lock\" \"${PODS_ROOT}/Manifest.lock\" > /dev/null\nif [ $? != 0 ] ; then\n    # print error to STDERR\n    echo \"error: The sandbox is not in sync with the Podfile.lock. Run 'pod install' or update your CocoaPods installation.\" >&2\n    exit 1\nfi\n# This output is used by Xcode 'outputs' to avoid re-running this script phase.\necho \"SUCCESS\" > \"${SCRIPT_OUTPUT_FILE_0}\"\n";
			showEnvVarsInLog = 0;
		};
		CE478C1750D884C276661262 /* Embed Precompiled Frameworks */ = {
			isa = PBXShellScriptBuildPhase;
			buildActionMask = 2147483647;
			files = (
			);
			inputPaths = (
			);
			name = "Embed Precompiled Frameworks";
			outputPaths = (
			);
			runOnlyForDeploymentPostprocessing = 0;
			shellPath = /bin/sh;
			shellScript = "echo \"Skipping, nothing to be embedded.\"";
		};
		DB211535551C2E1B1BA91010 /* [CP] Check Pods Manifest.lock */ = {
			isa = PBXShellScriptBuildPhase;
			buildActionMask = 2147483647;
			files = (
			);
			inputFileListPaths = (
			);
			inputPaths = (
				"${PODS_PODFILE_DIR_PATH}/Podfile.lock",
				"${PODS_ROOT}/Manifest.lock",
			);
			name = "[CP] Check Pods Manifest.lock";
			outputFileListPaths = (
			);
			outputPaths = (
				"$(DERIVED_FILE_DIR)/Pods-desafio-desafioUITests-checkManifestLockResult.txt",
			);
			runOnlyForDeploymentPostprocessing = 0;
			shellPath = /bin/sh;
			shellScript = "diff \"${PODS_PODFILE_DIR_PATH}/Podfile.lock\" \"${PODS_ROOT}/Manifest.lock\" > /dev/null\nif [ $? != 0 ] ; then\n    # print error to STDERR\n    echo \"error: The sandbox is not in sync with the Podfile.lock. Run 'pod install' or update your CocoaPods installation.\" >&2\n    exit 1\nfi\n# This output is used by Xcode 'outputs' to avoid re-running this script phase.\necho \"SUCCESS\" > \"${SCRIPT_OUTPUT_FILE_0}\"\n";
			showEnvVarsInLog = 0;
		};
/* End PBXShellScriptBuildPhase section */

/* Begin PBXSourcesBuildPhase section */
		3F681B4CB6F6105D9FACDB9B /* Sources */ = {
			isa = PBXSourcesBuildPhase;
			buildActionMask = 2147483647;
			files = (
				F4E4691C9FE28823792C67D5 /* Bundle+desafio.swift in Sources */,
				AB1FDA53EBBDEED8BFC28DB5 /* Ad.swift in Sources */,
				163B1EE41D052EC42F14CA92 /* AdsListViewController.swift in Sources */,
				3311D6C309C176908A42D096 /* AppDelegate.swift in Sources */,
				EC1A10B4608F224508A253D6 /* SceneDelegate.swift in Sources */,
				C00F1AB1556F283493AEF3B7 /* AdListCardViewCell.swift in Sources */,
				10732C3EBEC37FB7C05AE860 /* AdListViewLayout.swift in Sources */,
				D9397913F435E9234D6AB40B /* InsetLabel.swift in Sources */,
				0A35F48DDF68C4A9609668E3 /* UIColor+Extension.swift in Sources */,
				E480D15BD39C03F924969C30 /* UIImageView+Extension.swift in Sources */,
				536C3FA28322D8BF549EE269 /* UIView+Extension.swift in Sources */,
			);
			runOnlyForDeploymentPostprocessing = 0;
		};
		6FD5C28427A089612EB5A079 /* Sources */ = {
			isa = PBXSourcesBuildPhase;
			buildActionMask = 2147483647;
			files = (
				206A9D4C32CAAE2EF267ECD6 /* desafioUITests.swift in Sources */,
			);
			runOnlyForDeploymentPostprocessing = 0;
		};
		DA089DF4B35FC2DA2BB56A98 /* Sources */ = {
			isa = PBXSourcesBuildPhase;
			buildActionMask = 2147483647;
			files = (
				67A235750EA9A868071A2C91 /* desafioTests.swift in Sources */,
			);
			runOnlyForDeploymentPostprocessing = 0;
		};
/* End PBXSourcesBuildPhase section */

/* Begin PBXTargetDependency section */
		4D1C93A193CA56584C330856 /* PBXTargetDependency */ = {
			isa = PBXTargetDependency;
			name = desafio;
			target = 5B5597C91DEB1A85BCF899C8 /* desafio */;
			targetProxy = 96EBFE5ACD0C8BCEF88F08E6 /* PBXContainerItemProxy */;
		};
		980A750DAF0CE5CB779822DF /* PBXTargetDependency */ = {
			isa = PBXTargetDependency;
			name = desafio;
			target = 5B5597C91DEB1A85BCF899C8 /* desafio */;
			targetProxy = 307D91AB83206181483BA07C /* PBXContainerItemProxy */;
		};
/* End PBXTargetDependency section */

/* Begin PBXVariantGroup section */
		B5868F6D0AD63B6C9BEBE5AB /* LaunchScreen.storyboard */ = {
			isa = PBXVariantGroup;
			children = (
				4ECE07BC4BC9C5811CA2DFE6 /* Base */,
			);
			name = LaunchScreen.storyboard;
			sourceTree = "<group>";
		};
		ED4CE5D5846459BB53A42140 /* Main.storyboard */ = {
			isa = PBXVariantGroup;
			children = (
				4C1117F6FC19A8A8060814C0 /* Base */,
			);
			name = Main.storyboard;
			sourceTree = "<group>";
		};
/* End PBXVariantGroup section */

/* Begin XCBuildConfiguration section */
		1C10D9EFA79513CDD039C5F6 /* Release */ = {
			isa = XCBuildConfiguration;
			baseConfigurationReference = F49D4FCD29F1CD9E76228AAC /* Pods-desafio-desafioUITests.release.xcconfig */;
			buildSettings = {
				CODE_SIGN_IDENTITY = "iPhone Developer";
				INFOPLIST_FILE = Sources/desafioUITests/Info.plist;
				LD_RUNPATH_SEARCH_PATHS = (
					"$(inherited)",
					"@executable_path/Frameworks",
					"@loader_path/Frameworks",
				);
				PRODUCT_BUNDLE_IDENTIFIER = br.com.olx.desafioUITests;
				PRODUCT_NAME = desafioUITests;
				SDKROOT = iphoneos;
				SUPPORTED_PLATFORMS = "iphonesimulator iphoneos";
				SWIFT_COMPILATION_MODE = wholemodule;
				SWIFT_OPTIMIZATION_LEVEL = "-Owholemodule";
				SWIFT_VERSION = 5.3.2;
				TARGETED_DEVICE_FAMILY = "1,2";
				TEST_TARGET_NAME = desafio;
			};
			name = Release;
		};
		3B8CCAF4843389F774C72CBA /* Debug */ = {
			isa = XCBuildConfiguration;
			baseConfigurationReference = 48EAF74154834CF83439F901 /* Pods-desafio-desafioUITests.debug.xcconfig */;
			buildSettings = {
				CODE_SIGN_IDENTITY = "iPhone Developer";
				INFOPLIST_FILE = Sources/desafioUITests/Info.plist;
				LD_RUNPATH_SEARCH_PATHS = (
					"$(inherited)",
					"@executable_path/Frameworks",
					"@loader_path/Frameworks",
				);
				PRODUCT_BUNDLE_IDENTIFIER = br.com.olx.desafioUITests;
				PRODUCT_NAME = desafioUITests;
				SDKROOT = iphoneos;
				SUPPORTED_PLATFORMS = "iphonesimulator iphoneos";
				SWIFT_ACTIVE_COMPILATION_CONDITIONS = DEBUG;
				SWIFT_COMPILATION_MODE = singlefile;
				SWIFT_OPTIMIZATION_LEVEL = "-Onone";
				SWIFT_VERSION = 5.3.2;
				TARGETED_DEVICE_FAMILY = "1,2";
				TEST_TARGET_NAME = desafio;
			};
			name = Debug;
		};
		4EDAC3ED0621B4FCFD3208E3 /* Debug */ = {
			isa = XCBuildConfiguration;
			baseConfigurationReference = DDD41AECEB1A2244D7F046FA /* Pods-desafioTests.debug.xcconfig */;
			buildSettings = {
				BUNDLE_LOADER = "$(TEST_HOST)";
				CODE_SIGN_IDENTITY = "iPhone Developer";
				INFOPLIST_FILE = Sources/desafioTests/Info.plist;
				LD_RUNPATH_SEARCH_PATHS = (
					"$(inherited)",
					"@executable_path/Frameworks",
					"@loader_path/Frameworks",
				);
				PRODUCT_BUNDLE_IDENTIFIER = br.com.olx.desafioTests;
				PRODUCT_NAME = desafioTests;
				SDKROOT = iphoneos;
				SUPPORTED_PLATFORMS = "iphonesimulator iphoneos";
				SWIFT_ACTIVE_COMPILATION_CONDITIONS = DEBUG;
				SWIFT_COMPILATION_MODE = singlefile;
				SWIFT_OPTIMIZATION_LEVEL = "-Onone";
				SWIFT_VERSION = 5.3.2;
				TARGETED_DEVICE_FAMILY = "1,2";
				TEST_HOST = "$(BUILT_PRODUCTS_DIR)/desafio.app/desafio";
				TEST_TARGET_NAME = desafio;
			};
			name = Debug;
		};
		524A4E0360B2E92FEBE64F9E /* Release */ = {
			isa = XCBuildConfiguration;
			baseConfigurationReference = A111F5DEADF8EEF703947C0C /* Pods-desafioTests.release.xcconfig */;
			buildSettings = {
				BUNDLE_LOADER = "$(TEST_HOST)";
				CODE_SIGN_IDENTITY = "iPhone Developer";
				INFOPLIST_FILE = Sources/desafioTests/Info.plist;
				LD_RUNPATH_SEARCH_PATHS = (
					"$(inherited)",
					"@executable_path/Frameworks",
					"@loader_path/Frameworks",
				);
				PRODUCT_BUNDLE_IDENTIFIER = br.com.olx.desafioTests;
				PRODUCT_NAME = desafioTests;
				SDKROOT = iphoneos;
				SUPPORTED_PLATFORMS = "iphonesimulator iphoneos";
				SWIFT_COMPILATION_MODE = wholemodule;
				SWIFT_OPTIMIZATION_LEVEL = "-Owholemodule";
				SWIFT_VERSION = 5.3.2;
				TARGETED_DEVICE_FAMILY = "1,2";
				TEST_HOST = "$(BUILT_PRODUCTS_DIR)/desafio.app/desafio";
				TEST_TARGET_NAME = desafio;
			};
			name = Release;
		};
		63023CC5362197FCF900A92B /* Release */ = {
			isa = XCBuildConfiguration;
			baseConfigurationReference = EE55F2A79CE1A8D8FCFD1E5F /* Pods-desafio.release.xcconfig */;
			buildSettings = {
				ASSETCATALOG_COMPILER_APPICON_NAME = AppIcon;
				CODE_SIGN_IDENTITY = "iPhone Developer";
				ENABLE_PREVIEWS = YES;
				INFOPLIST_FILE = Sources/desafio/Resources/Properties/Info.plist;
				IPHONEOS_DEPLOYMENT_TARGET = 14.4;
				LD_RUNPATH_SEARCH_PATHS = (
					"$(inherited)",
					"@executable_path/Frameworks",
				);
				PRODUCT_BUNDLE_IDENTIFIER = br.com.olx.desafio;
				PRODUCT_NAME = desafio;
				SDKROOT = iphoneos;
				SUPPORTED_PLATFORMS = "iphonesimulator iphoneos";
				SWIFT_COMPILATION_MODE = wholemodule;
				SWIFT_OPTIMIZATION_LEVEL = "-Owholemodule";
				SWIFT_VERSION = 5.3.2;
				TARGETED_DEVICE_FAMILY = "1,2";
			};
			name = Release;
		};
		6A49273D61142D3BC6AA9D16 /* Debug */ = {
			isa = XCBuildConfiguration;
			baseConfigurationReference = D70521D63094B9735A170401 /* Pods-desafio.debug.xcconfig */;
			buildSettings = {
				ASSETCATALOG_COMPILER_APPICON_NAME = AppIcon;
				CODE_SIGN_IDENTITY = "iPhone Developer";
				ENABLE_PREVIEWS = YES;
				INFOPLIST_FILE = Sources/desafio/Resources/Properties/Info.plist;
				IPHONEOS_DEPLOYMENT_TARGET = 14.4;
				LD_RUNPATH_SEARCH_PATHS = (
					"$(inherited)",
					"@executable_path/Frameworks",
				);
				PRODUCT_BUNDLE_IDENTIFIER = br.com.olx.desafio;
				PRODUCT_NAME = desafio;
				SDKROOT = iphoneos;
				SUPPORTED_PLATFORMS = "iphonesimulator iphoneos";
				SWIFT_ACTIVE_COMPILATION_CONDITIONS = DEBUG;
				SWIFT_COMPILATION_MODE = singlefile;
				SWIFT_OPTIMIZATION_LEVEL = "-Onone";
				SWIFT_VERSION = 5.3.2;
				TARGETED_DEVICE_FAMILY = "1,2";
			};
			name = Debug;
		};
		94FA3C42FC799B3B44F02423 /* Release */ = {
			isa = XCBuildConfiguration;
			buildSettings = {
				ALWAYS_SEARCH_USER_PATHS = NO;
				CLANG_ANALYZER_NONNULL = YES;
				CLANG_ANALYZER_NUMBER_OBJECT_CONVERSION = YES_AGGRESSIVE;
				CLANG_CXX_LANGUAGE_STANDARD = "gnu++14";
				CLANG_CXX_LIBRARY = "libc++";
				CLANG_ENABLE_MODULES = YES;
				CLANG_ENABLE_OBJC_ARC = YES;
				CLANG_ENABLE_OBJC_WEAK = YES;
				CLANG_WARN_BLOCK_CAPTURE_AUTORELEASING = YES;
				CLANG_WARN_BOOL_CONVERSION = YES;
				CLANG_WARN_COMMA = YES;
				CLANG_WARN_CONSTANT_CONVERSION = YES;
				CLANG_WARN_DEPRECATED_OBJC_IMPLEMENTATIONS = YES;
				CLANG_WARN_DIRECT_OBJC_ISA_USAGE = YES_ERROR;
				CLANG_WARN_DOCUMENTATION_COMMENTS = YES;
				CLANG_WARN_EMPTY_BODY = YES;
				CLANG_WARN_ENUM_CONVERSION = YES;
				CLANG_WARN_INFINITE_RECURSION = YES;
				CLANG_WARN_INT_CONVERSION = YES;
				CLANG_WARN_NON_LITERAL_NULL_CONVERSION = YES;
				CLANG_WARN_OBJC_IMPLICIT_RETAIN_SELF = YES;
				CLANG_WARN_OBJC_LITERAL_CONVERSION = YES;
				CLANG_WARN_OBJC_ROOT_CLASS = YES_ERROR;
				CLANG_WARN_RANGE_LOOP_ANALYSIS = YES;
				CLANG_WARN_STRICT_PROTOTYPES = YES;
				CLANG_WARN_SUSPICIOUS_MOVE = YES;
				CLANG_WARN_UNGUARDED_AVAILABILITY = YES_AGGRESSIVE;
				CLANG_WARN_UNREACHABLE_CODE = YES;
				CLANG_WARN__DUPLICATE_METHOD_MATCH = YES;
				COPY_PHASE_STRIP = NO;
				DEBUG_INFORMATION_FORMAT = "dwarf-with-dsym";
				ENABLE_NS_ASSERTIONS = NO;
				ENABLE_STRICT_OBJC_MSGSEND = YES;
				GCC_C_LANGUAGE_STANDARD = gnu11;
				GCC_NO_COMMON_BLOCKS = YES;
				GCC_WARN_64_TO_32_BIT_CONVERSION = YES;
				GCC_WARN_ABOUT_RETURN_TYPE = YES_ERROR;
				GCC_WARN_UNDECLARED_SELECTOR = YES;
				GCC_WARN_UNINITIALIZED_AUTOS = YES_AGGRESSIVE;
				GCC_WARN_UNUSED_FUNCTION = YES;
				GCC_WARN_UNUSED_VARIABLE = YES;
				MTL_ENABLE_DEBUG_INFO = NO;
				PRODUCT_NAME = "$(TARGET_NAME)";
				VALIDATE_PRODUCT = YES;
			};
			name = Release;
		};
		956536C2B284656786A64658 /* Debug */ = {
			isa = XCBuildConfiguration;
			buildSettings = {
				ALWAYS_SEARCH_USER_PATHS = NO;
				CLANG_ANALYZER_NONNULL = YES;
				CLANG_ANALYZER_NUMBER_OBJECT_CONVERSION = YES_AGGRESSIVE;
				CLANG_CXX_LANGUAGE_STANDARD = "gnu++14";
				CLANG_CXX_LIBRARY = "libc++";
				CLANG_ENABLE_MODULES = YES;
				CLANG_ENABLE_OBJC_ARC = YES;
				CLANG_ENABLE_OBJC_WEAK = YES;
				CLANG_WARN_BLOCK_CAPTURE_AUTORELEASING = YES;
				CLANG_WARN_BOOL_CONVERSION = YES;
				CLANG_WARN_COMMA = YES;
				CLANG_WARN_CONSTANT_CONVERSION = YES;
				CLANG_WARN_DEPRECATED_OBJC_IMPLEMENTATIONS = YES;
				CLANG_WARN_DIRECT_OBJC_ISA_USAGE = YES_ERROR;
				CLANG_WARN_DOCUMENTATION_COMMENTS = YES;
				CLANG_WARN_EMPTY_BODY = YES;
				CLANG_WARN_ENUM_CONVERSION = YES;
				CLANG_WARN_INFINITE_RECURSION = YES;
				CLANG_WARN_INT_CONVERSION = YES;
				CLANG_WARN_NON_LITERAL_NULL_CONVERSION = YES;
				CLANG_WARN_OBJC_IMPLICIT_RETAIN_SELF = YES;
				CLANG_WARN_OBJC_LITERAL_CONVERSION = YES;
				CLANG_WARN_OBJC_ROOT_CLASS = YES_ERROR;
				CLANG_WARN_RANGE_LOOP_ANALYSIS = YES;
				CLANG_WARN_STRICT_PROTOTYPES = YES;
				CLANG_WARN_SUSPICIOUS_MOVE = YES;
				CLANG_WARN_UNGUARDED_AVAILABILITY = YES_AGGRESSIVE;
				CLANG_WARN_UNREACHABLE_CODE = YES;
				CLANG_WARN__DUPLICATE_METHOD_MATCH = YES;
				COPY_PHASE_STRIP = NO;
				DEBUG_INFORMATION_FORMAT = dwarf;
				ENABLE_STRICT_OBJC_MSGSEND = YES;
				ENABLE_TESTABILITY = YES;
				GCC_C_LANGUAGE_STANDARD = gnu11;
				GCC_DYNAMIC_NO_PIC = NO;
				GCC_NO_COMMON_BLOCKS = YES;
				GCC_OPTIMIZATION_LEVEL = 0;
				GCC_PREPROCESSOR_DEFINITIONS = (
					"DEBUG=1",
					"$(inherited)",
				);
				GCC_WARN_64_TO_32_BIT_CONVERSION = YES;
				GCC_WARN_ABOUT_RETURN_TYPE = YES_ERROR;
				GCC_WARN_UNDECLARED_SELECTOR = YES;
				GCC_WARN_UNINITIALIZED_AUTOS = YES_AGGRESSIVE;
				GCC_WARN_UNUSED_FUNCTION = YES;
				GCC_WARN_UNUSED_VARIABLE = YES;
				MTL_ENABLE_DEBUG_INFO = YES;
				ONLY_ACTIVE_ARCH = YES;
				PRODUCT_NAME = "$(TARGET_NAME)";
			};
			name = Debug;
		};
/* End XCBuildConfiguration section */

/* Begin XCConfigurationList section */
		3A2C3B5823B997CDAE1F2C17 /* Build configuration list for PBXNativeTarget "desafioTests" */ = {
			isa = XCConfigurationList;
			buildConfigurations = (
				4EDAC3ED0621B4FCFD3208E3 /* Debug */,
				524A4E0360B2E92FEBE64F9E /* Release */,
			);
			defaultConfigurationIsVisible = 0;
			defaultConfigurationName = Release;
		};
		8AC57651CB9A95CA90769151 /* Build configuration list for PBXProject "desafio" */ = {
			isa = XCConfigurationList;
			buildConfigurations = (
				956536C2B284656786A64658 /* Debug */,
				94FA3C42FC799B3B44F02423 /* Release */,
			);
			defaultConfigurationIsVisible = 0;
			defaultConfigurationName = Release;
		};
		8D47F8C81B1C903A08B1F25C /* Build configuration list for PBXNativeTarget "desafioUITests" */ = {
			isa = XCConfigurationList;
			buildConfigurations = (
				3B8CCAF4843389F774C72CBA /* Debug */,
				1C10D9EFA79513CDD039C5F6 /* Release */,
			);
			defaultConfigurationIsVisible = 0;
			defaultConfigurationName = Release;
		};
		C1EAA529AF06E503CD83BB47 /* Build configuration list for PBXNativeTarget "desafio" */ = {
			isa = XCConfigurationList;
			buildConfigurations = (
				6A49273D61142D3BC6AA9D16 /* Debug */,
				63023CC5362197FCF900A92B /* Release */,
			);
			defaultConfigurationIsVisible = 0;
			defaultConfigurationName = Release;
		};
/* End XCConfigurationList section */
	};
	rootObject = 27ED351D8540400ED89B591E /* Project object */;
}
